# THIS IS AN AUTOGENERATED FILE. DO NOT EDIT THIS FILE DIRECTLY.
# yarn lockfile v1


amdefine@>=0.0.4:
  version "1.0.1"
  resolved "https://registry.yarnpkg.com/amdefine/-/amdefine-1.0.1.tgz#4a5282ac164729e93619bcfd3ad151f817ce91f5"

atoa@1.0.0:
  version "1.0.0"
  resolved "https://registry.yarnpkg.com/atoa/-/atoa-1.0.0.tgz#0cc0e91a480e738f923ebc103676471779b34a49"

autoprefixer-core@^5.2.1:
  version "5.2.1"
  resolved "https://registry.yarnpkg.com/autoprefixer-core/-/autoprefixer-core-5.2.1.tgz#e640c414ae419aae21c1ad43c8ea0f3db82a566d"
  dependencies:
    browserslist "~0.4.0"
    caniuse-db "^1.0.30000214"
    num2fraction "^1.1.0"
    postcss "~4.1.12"

balanced-match@^0.2.0:
  version "0.2.1"
  resolved "https://registry.yarnpkg.com/balanced-match/-/balanced-match-0.2.1.tgz#7bc658b4bed61eee424ad74f75f5c3e2c4df3cc7"

balanced-match@^0.4.1, balanced-match@^0.4.2:
  version "0.4.2"
  resolved "https://registry.yarnpkg.com/balanced-match/-/balanced-match-0.4.2.tgz#cb3f3e3c732dc0f01ee70b403f302e61d7709838"

big.js@^3.1.3:
  version "3.1.3"
  resolved "https://registry.yarnpkg.com/big.js/-/big.js-3.1.3.tgz#4cada2193652eb3ca9ec8e55c9015669c9806978"

brace-expansion@^1.0.0:
  version "1.1.6"
  resolved "https://registry.yarnpkg.com/brace-expansion/-/brace-expansion-1.1.6.tgz#7197d7eaa9b87e648390ea61fc66c84427420df9"
  dependencies:
    balanced-match "^0.4.1"
    concat-map "0.0.1"

browserslist@~0.4.0:
  version "0.4.0"
  resolved "https://registry.yarnpkg.com/browserslist/-/browserslist-0.4.0.tgz#3bd4ab9199dc1b9150d4d6dba4d9d3aabbc86dd4"
  dependencies:
    caniuse-db "^1.0.30000153"

caniuse-db@^1.0.30000153, caniuse-db@^1.0.30000214:
  version "1.0.30000626"
  resolved "https://registry.yarnpkg.com/caniuse-db/-/caniuse-db-1.0.30000626.tgz#44363dc86857efaf758fea9faef6a15ed93d8f33"

clone@^1.0.2:
  version "1.0.2"
  resolved "https://registry.yarnpkg.com/clone/-/clone-1.0.2.tgz#260b7a99ebb1edfe247538175f783243cb19d149"

color-convert@^0.5.3:
  version "0.5.3"
  resolved "https://registry.yarnpkg.com/color-convert/-/color-convert-0.5.3.tgz#bdb6c69ce660fadffe0b0007cc447e1b9f7282bd"

color-convert@^1.3.0:
  version "1.9.0"
  resolved "https://registry.yarnpkg.com/color-convert/-/color-convert-1.9.0.tgz#1accf97dd739b983bf994d56fec8f95853641b7a"
  dependencies:
    color-name "^1.1.1"

color-name@^1.0.0, color-name@^1.1.1:
  version "1.1.1"
  resolved "https://registry.yarnpkg.com/color-name/-/color-name-1.1.1.tgz#4b1415304cf50028ea81643643bd82ea05803689"

color-string@^0.3.0:
  version "0.3.0"
  resolved "https://registry.yarnpkg.com/color-string/-/color-string-0.3.0.tgz#27d46fb67025c5c2fa25993bfbf579e47841b991"
  dependencies:
    color-name "^1.0.0"

color@^0.10.1:
  version "0.10.1"
  resolved "https://registry.yarnpkg.com/color/-/color-0.10.1.tgz#c04188df82a209ddebccecdacd3ec320f193739f"
  dependencies:
    color-convert "^0.5.3"
    color-string "^0.3.0"

color@^0.11.0:
  version "0.11.4"
  resolved "https://registry.yarnpkg.com/color/-/color-0.11.4.tgz#6d7b5c74fb65e841cd48792ad1ed5e07b904d764"
  dependencies:
    clone "^1.0.2"
    color-convert "^1.3.0"
    color-string "^0.3.0"

colormin@^1.0.3:
  version "1.1.2"
  resolved "https://registry.yarnpkg.com/colormin/-/colormin-1.1.2.tgz#ea2f7420a72b96881a38aae59ec124a6f7298133"
  dependencies:
    color "^0.11.0"
    css-color-names "0.0.4"
    has "^1.0.1"

concat-map@0.0.1:
  version "0.0.1"
  resolved "https://registry.yarnpkg.com/concat-map/-/concat-map-0.0.1.tgz#d8a96bd77fd68df7793a73036a3ba0d5405d477b"

contra@1.9.4:
  version "1.9.4"
  resolved "https://registry.yarnpkg.com/contra/-/contra-1.9.4.tgz#f53bde42d7e5b5985cae4d99a8d610526de8f28d"
  dependencies:
    atoa "1.0.0"
    ticky "1.0.1"

crossvent@1.5.4:
  version "1.5.4"
  resolved "https://registry.yarnpkg.com/crossvent/-/crossvent-1.5.4.tgz#da2c4f8f40c94782517bf2beec1044148194ab92"
  dependencies:
    custom-event "1.0.0"

css-color-names@0.0.4:
  version "0.0.4"
  resolved "https://registry.yarnpkg.com/css-color-names/-/css-color-names-0.0.4.tgz#808adc2e79cf84738069b646cb20ec27beb629e0"

css-list@^0.1.0, css-list@^0.1.2:
  version "0.1.3"
  resolved "https://registry.yarnpkg.com/css-list/-/css-list-0.1.3.tgz#a7b33b4419f83d412320dde9133a0d1004948d70"

css-loader@~0.17.0:
  version "0.17.0"
  resolved "https://registry.yarnpkg.com/css-loader/-/css-loader-0.17.0.tgz#a1ddf2df86ba08fbd22781bb33379fc3b08da6eb"
  dependencies:
    css-selector-tokenizer "^0.5.1"
    cssnano "^2.6.1"
    loader-utils "~0.2.2"
    postcss "^4.1.11"
    postcss-modules-extract-imports "0.0.5"
    postcss-modules-local-by-default "0.0.12"
    postcss-modules-scope "0.0.8"
    source-list-map "^0.1.4"

css-selector-tokenizer@^0.5.0, css-selector-tokenizer@^0.5.1:
  version "0.5.4"
  resolved "https://registry.yarnpkg.com/css-selector-tokenizer/-/css-selector-tokenizer-0.5.4.tgz#139bafd34a35fd0c1428487049e0699e6f6a2c21"
  dependencies:
    cssesc "^0.1.0"
    fastparse "^1.1.1"

cssesc@^0.1.0:
  version "0.1.0"
  resolved "https://registry.yarnpkg.com/cssesc/-/cssesc-0.1.0.tgz#c814903e45623371a0477b40109aaafbeeaddbb4"

cssnano@^2.6.1:
  version "2.6.1"
  resolved "https://registry.yarnpkg.com/cssnano/-/cssnano-2.6.1.tgz#7fb37212ccff44d3e936e026c6f675e3147d8024"
  dependencies:
    autoprefixer-core "^5.2.1"
    balanced-match "^0.2.0"
    css-list "^0.1.2"
    decamelize "^1.0.0"
    defined "^1.0.0"
    indexes-of "^1.0.1"
    minimist "^1.1.3"
    postcss "^4.1.16"
    postcss-calc "^4.1.0"
    postcss-colormin "^1.2.5"
    postcss-convert-values "^1.2.4"
    postcss-discard-comments "^1.2.1"
    postcss-discard-duplicates "^1.1.5"
    postcss-discard-empty "^1.1.2"
    postcss-discard-unused "^1.0.3"
    postcss-filter-plugins "^1.0.0"
    postcss-font-family "^1.2.1"
    postcss-merge-idents "^1.0.1"
    postcss-merge-longhand "^1.0.1"
    postcss-merge-rules "^1.3.5"
    postcss-minify-font-weight "^1.0.1"
    postcss-minify-selectors "^1.5.0"
    postcss-normalize-url "^2.1.1"
    postcss-ordered-values "^1.0.1"
    postcss-reduce-idents "^1.0.2"
    postcss-single-charset "^0.3.0"
    postcss-unique-selectors "^1.0.0"
    postcss-zindex "^1.1.3"
    read-file-stdin "^0.2.0"
    write-file-stdout "0.0.2"

custom-event@1.0.0:
  version "1.0.0"
  resolved "https://registry.yarnpkg.com/custom-event/-/custom-event-1.0.0.tgz#2e4628be19dc4b214b5c02630c5971e811618062"

decamelize@^1.0.0:
  version "1.2.0"
  resolved "https://registry.yarnpkg.com/decamelize/-/decamelize-1.2.0.tgz#f6534d15148269b20352e7bee26f501f9a191290"

defined@^1.0.0:
  version "1.0.0"
  resolved "https://registry.yarnpkg.com/defined/-/defined-1.0.0.tgz#c98d9bcef75674188e110969151199e39b1fa693"

dragula@^3.7.2:
  version "3.7.2"
  resolved "https://registry.yarnpkg.com/dragula/-/dragula-3.7.2.tgz#4a35c9d3981ffac1a949c29ca7285058e87393ce"
  dependencies:
    contra "1.9.4"
    crossvent "1.5.4"

emojis-list@^2.0.0:
  version "2.1.0"
  resolved "https://registry.yarnpkg.com/emojis-list/-/emojis-list-2.1.0.tgz#4daa4d9db00f9819880c79fa457ae5b09a1fd389"

es6-promise@~2.3.0:
  version "2.3.0"
  resolved "https://registry.yarnpkg.com/es6-promise/-/es6-promise-2.3.0.tgz#96edb9f2fdb01995822b263dd8aadab6748181bc"

fastparse@^1.1.1:
  version "1.1.1"
  resolved "https://registry.yarnpkg.com/fastparse/-/fastparse-1.1.1.tgz#d1e2643b38a94d7583b479060e6c4affc94071f8"

flatten@0.0.1:
  version "0.0.1"
  resolved "https://registry.yarnpkg.com/flatten/-/flatten-0.0.1.tgz#554440766da0a0d603999f433453f6c2fc6a75c1"

flatten@^1.0.2:
  version "1.0.2"
  resolved "https://registry.yarnpkg.com/flatten/-/flatten-1.0.2.tgz#dae46a9d78fbe25292258cc1e780a41d95c03782"

font-awesome-webpack@^0.0.4:
  version "0.0.4"
  resolved "https://registry.yarnpkg.com/font-awesome-webpack/-/font-awesome-webpack-0.0.4.tgz#6d7584746cc6bbc82b4634d49139c47b56e611aa"
  dependencies:
    css-loader "~0.17.0"
    less-loader "~2.2.0"
    style-loader "~0.12.3"

font-awesome@^4.7.0:
  version "4.7.0"
  resolved "https://registry.yarnpkg.com/font-awesome/-/font-awesome-4.7.0.tgz#8fa8cf0411a1a31afd07b06d2902bb9fc815a133"

fs-extra@^0.14.0:
  version "0.14.0"
  resolved "https://registry.yarnpkg.com/fs-extra/-/fs-extra-0.14.0.tgz#466096c6ba2d89c2000380dab2450b7859ff6743"
  dependencies:
    jsonfile "^2.0.0"
    ncp "^1.0.1"
    rimraf "^2.2.8"

fs.realpath@^1.0.0:
  version "1.0.0"
  resolved "https://registry.yarnpkg.com/fs.realpath/-/fs.realpath-1.0.0.tgz#1504ad2523158caa40db4a2787cb01411994ea4f"

function-bind@^1.0.2:
  version "1.1.0"
  resolved "https://registry.yarnpkg.com/function-bind/-/function-bind-1.1.0.tgz#16176714c801798e4e8f2cf7f7529467bb4a5771"

gather-stream@^1.0.0:
  version "1.0.0"
  resolved "https://registry.yarnpkg.com/gather-stream/-/gather-stream-1.0.0.tgz#b33994af457a8115700d410f317733cbe7a0904b"

glob@^7.0.5:
  version "7.1.1"
  resolved "https://registry.yarnpkg.com/glob/-/glob-7.1.1.tgz#805211df04faaf1c63a3600306cdf5ade50b2ec8"
  dependencies:
    fs.realpath "^1.0.0"
    inflight "^1.0.4"
    inherits "2"
    minimatch "^3.0.2"
    once "^1.3.0"
    path-is-absolute "^1.0.0"

graceful-fs@^4.1.6:
  version "4.1.11"
  resolved "https://registry.yarnpkg.com/graceful-fs/-/graceful-fs-4.1.11.tgz#0e8bdfe4d1ddb8854d64e04ea7c00e2a026e5658"

has@^1.0.1:
  version "1.0.1"
  resolved "https://registry.yarnpkg.com/has/-/has-1.0.1.tgz#8461733f538b0837c9361e39a9ab9e9704dc2f28"
  dependencies:
    function-bind "^1.0.2"

indexes-of@^1.0.1:
  version "1.0.1"
  resolved "https://registry.yarnpkg.com/indexes-of/-/indexes-of-1.0.1.tgz#f30f716c8e2bd346c7b67d3df3915566a7c05607"

inflight@^1.0.4:
  version "1.0.6"
  resolved "https://registry.yarnpkg.com/inflight/-/inflight-1.0.6.tgz#49bd6331d7d02d0c09bc910a1075ba8165b56df9"
  dependencies:
    once "^1.3.0"
    wrappy "1"

inherits@2:
  version "2.0.3"
  resolved "https://registry.yarnpkg.com/inherits/-/inherits-2.0.3.tgz#633c2c83e3da42a502f52466022480f4208261de"

is-absolute-url@^2.0.0:
  version "2.1.0"
  resolved "https://registry.yarnpkg.com/is-absolute-url/-/is-absolute-url-2.1.0.tgz#50530dfb84fcc9aa7dbe7852e83a37b93b9f2aa6"

is-plain-obj@^1.0.0:
  version "1.1.0"
  resolved "https://registry.yarnpkg.com/is-plain-obj/-/is-plain-obj-1.1.0.tgz#71a50c8429dfca773c92a390a4a03b39fcd51d3e"

javascript-natural-sort@^0.7.1:
  version "0.7.1"
  resolved "https://registry.yarnpkg.com/javascript-natural-sort/-/javascript-natural-sort-0.7.1.tgz#f9e2303d4507f6d74355a73664d1440fb5a0ef59"

js-base64@~2.1.8:
  version "2.1.9"
  resolved "https://registry.yarnpkg.com/js-base64/-/js-base64-2.1.9.tgz#f0e80ae039a4bd654b5f281fc93f04a914a7fcce"

json5@^0.5.0:
  version "0.5.1"
  resolved "https://registry.yarnpkg.com/json5/-/json5-0.5.1.tgz#1eade7acc012034ad84e2396767ead9fa5495821"

jsonfile@^2.0.0:
  version "2.4.0"
  resolved "https://registry.yarnpkg.com/jsonfile/-/jsonfile-2.4.0.tgz#3736a2b428b87bbda0cc83b53fa3d633a35c2ae8"
  optionalDependencies:
    graceful-fs "^4.1.6"

less-loader@^2.2.3, less-loader@~2.2.0:
  version "2.2.3"
  resolved "https://registry.yarnpkg.com/less-loader/-/less-loader-2.2.3.tgz#b6d8f8139c8493df09d992a93a00734b08f84528"
  dependencies:
    loader-utils "^0.2.5"

loader-utils@^0.2.5, loader-utils@^0.2.7, loader-utils@~0.2.2:
  version "0.2.17"
  resolved "https://registry.yarnpkg.com/loader-utils/-/loader-utils-0.2.17.tgz#f86e6374d43205a6e6c60e9196f17c0299bfb348"
  dependencies:
    big.js "^3.1.3"
    emojis-list "^2.0.0"
    json5 "^0.5.0"
    object-assign "^4.0.1"

math-expression-evaluator@^1.2.14:
  version "1.2.16"
  resolved "https://registry.yarnpkg.com/math-expression-evaluator/-/math-expression-evaluator-1.2.16.tgz#b357fa1ca9faefb8e48d10c14ef2bcb2d9f0a7c9"

minimatch@^3.0.2:
  version "3.0.3"
  resolved "https://registry.yarnpkg.com/minimatch/-/minimatch-3.0.3.tgz#2a4e4090b96b2db06a9d7df01055a62a77c9b774"
  dependencies:
    brace-expansion "^1.0.0"

minimist@^1.1.3:
  version "1.2.0"
  resolved "https://registry.yarnpkg.com/minimist/-/minimist-1.2.0.tgz#a35008b20f41383eec1fb914f4cd5df79a264284"

ncp@^1.0.1:
  version "1.0.1"
  resolved "https://registry.yarnpkg.com/ncp/-/ncp-1.0.1.tgz#d15367e5cb87432ba117d2bf80fdf45aecfb4246"

node-balanced@0.0.14:
  version "0.0.14"
  resolved "https://registry.yarnpkg.com/node-balanced/-/node-balanced-0.0.14.tgz#a33c727857d3044f1e88be72dd7d9a9d0b4fc21f"

normalize-selector@^0.2.0:
  version "0.2.0"
  resolved "https://registry.yarnpkg.com/normalize-selector/-/normalize-selector-0.2.0.tgz#d0b145eb691189c63a78d201dc4fdb1293ef0c03"

normalize-url@^1.3.0:
  version "1.9.0"
  resolved "https://registry.yarnpkg.com/normalize-url/-/normalize-url-1.9.0.tgz#c2bb50035edee62cd81edb2d45da68dc25e3423e"
  dependencies:
    object-assign "^4.0.1"
    prepend-http "^1.0.0"
    query-string "^4.1.0"
    sort-keys "^1.0.0"

num2fraction@^1.1.0:
  version "1.2.2"
  resolved "https://registry.yarnpkg.com/num2fraction/-/num2fraction-1.2.2.tgz#6f682b6a027a4e9ddfa4564cd2589d1d4e669ede"

object-assign@^3.0.0:
  version "3.0.0"
  resolved "https://registry.yarnpkg.com/object-assign/-/object-assign-3.0.0.tgz#9bedd5ca0897949bca47e7ff408062d549f587f2"

object-assign@^4.0.1, object-assign@^4.1.0:
  version "4.1.1"
  resolved "https://registry.yarnpkg.com/object-assign/-/object-assign-4.1.1.tgz#2109adc7965887cfc05cbbd442cac8bfbb360863"

once@^1.3.0:
  version "1.4.0"
  resolved "https://registry.yarnpkg.com/once/-/once-1.4.0.tgz#583b1aa775961d4b113ac17d9c50baef9dd76bd1"
  dependencies:
    wrappy "1"

path-is-absolute@^1.0.0:
  version "1.0.1"
  resolved "https://registry.yarnpkg.com/path-is-absolute/-/path-is-absolute-1.0.1.tgz#174b9268735534ffbc7ace6bf53a5a9e1b5c5f5f"

postcss-calc@^4.1.0:
  version "4.1.0"
  resolved "https://registry.yarnpkg.com/postcss-calc/-/postcss-calc-4.1.0.tgz#bee7ffc928c7986999eef17b2dd8970c8937d472"
  dependencies:
    postcss "^4.1.11"
    postcss-message-helpers "^2.0.0"
    reduce-css-calc "^1.2.0"

postcss-colormin@^1.2.5:
  version "1.2.7"
  resolved "https://registry.yarnpkg.com/postcss-colormin/-/postcss-colormin-1.2.7.tgz#eb73dbe83804ea9198356b132f6f99f4600fd654"
  dependencies:
    color "^0.10.1"
    colormin "^1.0.3"
    postcss "^4.1.16"
    reduce-function-call "^1.0.1"

postcss-convert-values@^1.2.4:
  version "1.3.1"
  resolved "https://registry.yarnpkg.com/postcss-convert-values/-/postcss-convert-values-1.3.1.tgz#23f187c613fa77b637a7805b948b5e0899690e46"
  dependencies:
    postcss "^4.1.16"
    postcss-value-parser "^1.1.0"

postcss-discard-comments@^1.2.1:
  version "1.2.1"
  resolved "https://registry.yarnpkg.com/postcss-discard-comments/-/postcss-discard-comments-1.2.1.tgz#851dca6b9354c0fb6316cb1a1048f6f5e3960ad0"
  dependencies:
    node-balanced "0.0.14"
    postcss "^4.1.16"

postcss-discard-duplicates@^1.1.5:
  version "1.2.1"
  resolved "https://registry.yarnpkg.com/postcss-discard-duplicates/-/postcss-discard-duplicates-1.2.1.tgz#49bb33b4d3477105b00d048395f73a2902bc9a25"
  dependencies:
    postcss "^4.1.16"

postcss-discard-empty@^1.1.2:
  version "1.1.2"
  resolved "https://registry.yarnpkg.com/postcss-discard-empty/-/postcss-discard-empty-1.1.2.tgz#2ac55ac8fcb81c23043e63106934fd63470d5c0d"
  dependencies:
    postcss "^4.1.13"

postcss-discard-unused@^1.0.3:
  version "1.0.3"
  resolved "https://registry.yarnpkg.com/postcss-discard-unused/-/postcss-discard-unused-1.0.3.tgz#5eccb9bfac465ea6be5634297a9c7781ccd09886"
  dependencies:
    flatten "0.0.1"
    postcss "^4.1.16"
    uniqs "^2.0.0"

postcss-filter-plugins@^1.0.0:
  version "1.0.1"
  resolved "https://registry.yarnpkg.com/postcss-filter-plugins/-/postcss-filter-plugins-1.0.1.tgz#27f8279d5efab7aa3c17098813986b4b9d1d50e2"
  dependencies:
    postcss "^4.1.11"
    uniqid "^1.0.0"

postcss-font-family@^1.2.1:
  version "1.2.1"
  resolved "https://registry.yarnpkg.com/postcss-font-family/-/postcss-font-family-1.2.1.tgz#7502524b3983a31e6af64e4baa1034ed6ed8418c"
  dependencies:
    object-assign "^3.0.0"
    postcss "^4.1.16"
    uniqs "^2.0.0"

postcss-merge-idents@^1.0.1:
  version "1.0.2"
  resolved "https://registry.yarnpkg.com/postcss-merge-idents/-/postcss-merge-idents-1.0.2.tgz#a93a0dad78f652e8237d9adec342e41d2c1dd35b"
  dependencies:
    css-list "^0.1.0"
    postcss "^4.1.9"

postcss-merge-longhand@^1.0.1:
  version "1.0.2"
  resolved "https://registry.yarnpkg.com/postcss-merge-longhand/-/postcss-merge-longhand-1.0.2.tgz#43172065fcf859ee11ced3141f566414c673057e"
  dependencies:
    postcss "^4.1.16"

postcss-merge-rules@^1.3.5:
  version "1.3.6"
  resolved "https://registry.yarnpkg.com/postcss-merge-rules/-/postcss-merge-rules-1.3.6.tgz#b14ad17f7d4012a318badd37dabd59b93f13532f"
  dependencies:
    postcss "^4.1.16"

postcss-message-helpers@^2.0.0:
  version "2.0.0"
  resolved "https://registry.yarnpkg.com/postcss-message-helpers/-/postcss-message-helpers-2.0.0.tgz#a4f2f4fab6e4fe002f0aed000478cdf52f9ba60e"

postcss-minify-font-weight@^1.0.1:
  version "1.0.1"
  resolved "https://registry.yarnpkg.com/postcss-minify-font-weight/-/postcss-minify-font-weight-1.0.1.tgz#688e42cdf236eceb1bd563a88cf1d24d03a05888"
  dependencies:
    postcss "^4.1.11"

postcss-minify-selectors@^1.5.0:
  version "1.5.0"
  resolved "https://registry.yarnpkg.com/postcss-minify-selectors/-/postcss-minify-selectors-1.5.0.tgz#e59c56c6d4955da157cf7d22bf8069b6eaf52627"
  dependencies:
    javascript-natural-sort "^0.7.1"
    normalize-selector "^0.2.0"
    postcss "^4.1.16"
    postcss-selector-parser "^1.1.2"
    uniqs "^2.0.0"

postcss-modules-extract-imports@0.0.5:
  version "0.0.5"
  resolved "https://registry.yarnpkg.com/postcss-modules-extract-imports/-/postcss-modules-extract-imports-0.0.5.tgz#ccccb40b3dd2985999384a1dba60c62c960a6da0"
  dependencies:
    postcss "^4.1.11"

postcss-modules-local-by-default@0.0.12:
  version "0.0.12"
  resolved "https://registry.yarnpkg.com/postcss-modules-local-by-default/-/postcss-modules-local-by-default-0.0.12.tgz#a93431a4b1d0b7a4021e238fc27d5e8e449282c2"
  dependencies:
    css-selector-tokenizer "^0.5.1"
    postcss "^4.1.5"

postcss-modules-scope@0.0.8:
  version "0.0.8"
  resolved "https://registry.yarnpkg.com/postcss-modules-scope/-/postcss-modules-scope-0.0.8.tgz#81c935fbf289272388c8ba2e96a11ca21ba09a04"
  dependencies:
    css-selector-tokenizer "^0.5.0"
    postcss "^4.1.11"

postcss-normalize-url@^2.1.1:
  version "2.1.3"
  resolved "https://registry.yarnpkg.com/postcss-normalize-url/-/postcss-normalize-url-2.1.3.tgz#f12b5f4a1143c95ea025fc7f8e005090598f3602"
  dependencies:
    is-absolute-url "^2.0.0"
    normalize-url "^1.3.0"
    object-assign "^4.0.1"
    postcss "^4.1.16"
    postcss-value-parser "^1.4.2"

postcss-ordered-values@^1.0.1:
  version "1.1.1"
  resolved "https://registry.yarnpkg.com/postcss-ordered-values/-/postcss-ordered-values-1.1.1.tgz#9eed4fad2e792abfc3d0402cf773baf86fe77b81"
  dependencies:
    postcss "^4.1.16"
    postcss-value-parser "^1.1.0"

postcss-reduce-idents@^1.0.2:
  version "1.0.3"
  resolved "https://registry.yarnpkg.com/postcss-reduce-idents/-/postcss-reduce-idents-1.0.3.tgz#a79f1b2485e23d9b3cc7a81f5ec63a5c2bdec20d"
  dependencies:
    postcss "^4.1.2"
    reduce-function-call "^1.0.1"

postcss-selector-parser@^1.1.2:
  version "1.3.3"
  resolved "https://registry.yarnpkg.com/postcss-selector-parser/-/postcss-selector-parser-1.3.3.tgz#d2ee19df7a64f8ef21c1a71c86f7d4835c88c281"
  dependencies:
    flatten "^1.0.2"
    indexes-of "^1.0.1"
    uniq "^1.0.1"

postcss-single-charset@^0.3.0:
  version "0.3.0"
  resolved "https://registry.yarnpkg.com/postcss-single-charset/-/postcss-single-charset-0.3.0.tgz#da7fd0decccf632f1b74c7a2ee3e35be29456573"
  dependencies:
    fs-extra "^0.14.0"
    postcss "^4.1.0"

postcss-unique-selectors@^1.0.0:
  version "1.0.1"
  resolved "https://registry.yarnpkg.com/postcss-unique-selectors/-/postcss-unique-selectors-1.0.1.tgz#4817e74c7b4f999ce04c8e66451a196914f5db3c"
  dependencies:
    javascript-natural-sort "^0.7.1"
    postcss "^4.1.10"
    uniqs "^2.0.0"

postcss-value-parser@^1.1.0, postcss-value-parser@^1.4.2:
  version "1.4.2"
  resolved "https://registry.yarnpkg.com/postcss-value-parser/-/postcss-value-parser-1.4.2.tgz#1865633e13701f8a721e7834dad185cb144aad0c"

postcss-zindex@^1.1.3:
  version "1.1.3"
  resolved "https://registry.yarnpkg.com/postcss-zindex/-/postcss-zindex-1.1.3.tgz#49564ab49d3dda17067f8dac1c8335d7f2d00ce1"
  dependencies:
    postcss "^4.1.2"

postcss@^4.1.0, postcss@^4.1.10, postcss@^4.1.11, postcss@^4.1.13, postcss@^4.1.16, postcss@^4.1.2, postcss@^4.1.5, postcss@^4.1.9, postcss@~4.1.12:
  version "4.1.16"
  resolved "https://registry.yarnpkg.com/postcss/-/postcss-4.1.16.tgz#4c449b4c8af9df3caf6d37f8e1e575d0361758dc"
  dependencies:
    es6-promise "~2.3.0"
    js-base64 "~2.1.8"
    source-map "~0.4.2"

prepend-http@^1.0.0:
  version "1.0.4"
  resolved "https://registry.yarnpkg.com/prepend-http/-/prepend-http-1.0.4.tgz#d4f4562b0ce3696e41ac52d0e002e57a635dc6dc"

quark-gui@^0.4.0:
  version "0.4.0"
  resolved "https://registry.yarnpkg.com/quark-gui/-/quark-gui-0.4.0.tgz#4a4301a6a8e638a47f7e33ba30a4830652693f1b"
  dependencies:
    dragula "^3.7.2"
    font-awesome "^4.7.0"
    font-awesome-webpack "^0.0.4"
    less-loader "^2.2.3"

query-string@^4.1.0:
  version "4.3.2"
  resolved "https://registry.yarnpkg.com/query-string/-/query-string-4.3.2.tgz#ec0fd765f58a50031a3968c2431386f8947a5cdd"
  dependencies:
    object-assign "^4.1.0"
    strict-uri-encode "^1.0.0"

read-file-stdin@^0.2.0:
  version "0.2.1"
  resolved "https://registry.yarnpkg.com/read-file-stdin/-/read-file-stdin-0.2.1.tgz#25eccff3a153b6809afacb23ee15387db9e0ee61"
  dependencies:
    gather-stream "^1.0.0"

reduce-css-calc@^1.2.0:
  version "1.3.0"
  resolved "https://registry.yarnpkg.com/reduce-css-calc/-/reduce-css-calc-1.3.0.tgz#747c914e049614a4c9cfbba629871ad1d2927716"
  dependencies:
    balanced-match "^0.4.2"
    math-expression-evaluator "^1.2.14"
    reduce-function-call "^1.0.1"

reduce-function-call@^1.0.1:
  version "1.0.2"
  resolved "https://registry.yarnpkg.com/reduce-function-call/-/reduce-function-call-1.0.2.tgz#5a200bf92e0e37751752fe45b0ab330fd4b6be99"
  dependencies:
    balanced-match "^0.4.2"

rimraf@^2.2.8:
  version "2.6.0"
  resolved "https://registry.yarnpkg.com/rimraf/-/rimraf-2.6.0.tgz#89b8a0fe432b9ff9ec9a925a00b6cdb3a91bbada"
  dependencies:
    glob "^7.0.5"

sort-keys@^1.0.0:
  version "1.1.2"
  resolved "https://registry.yarnpkg.com/sort-keys/-/sort-keys-1.1.2.tgz#441b6d4d346798f1b4e49e8920adfba0e543f9ad"
  dependencies:
    is-plain-obj "^1.0.0"

source-list-map@^0.1.4:
  version "0.1.8"
  resolved "https://registry.yarnpkg.com/source-list-map/-/source-list-map-0.1.8.tgz#c550b2ab5427f6b3f21f5afead88c4f5587b2106"

source-map@~0.4.2:
  version "0.4.4"
  resolved "https://registry.yarnpkg.com/source-map/-/source-map-0.4.4.tgz#eba4f5da9c0dc999de68032d8b4f76173652036b"
  dependencies:
    amdefine ">=0.0.4"

strict-uri-encode@^1.0.0:
  version "1.1.0"
  resolved "https://registry.yarnpkg.com/strict-uri-encode/-/strict-uri-encode-1.1.0.tgz#279b225df1d582b1f54e65addd4352e18faa0713"

style-loader@~0.12.3:
  version "0.12.4"
  resolved "https://registry.yarnpkg.com/style-loader/-/style-loader-0.12.4.tgz#ae7d0665dc4dc653daa2fe97bb90914bc1d22d9b"
  dependencies:
    loader-utils "^0.2.7"

ticky@1.0.1:
  version "1.0.1"
  resolved "https://registry.yarnpkg.com/ticky/-/ticky-1.0.1.tgz#b7cfa71e768f1c9000c497b9151b30947c50e46d"

uniq@^1.0.1:
  version "1.0.1"
  resolved "https://registry.yarnpkg.com/uniq/-/uniq-1.0.1.tgz#b31c5ae8254844a3a8281541ce2b04b865a734ff"

uniqid@^1.0.0:
  version "1.0.0"
  resolved "https://registry.yarnpkg.com/uniqid/-/uniqid-1.0.0.tgz#2582524e07404844a42de94fbe2bf549e1b74555"

uniqs@^2.0.0:
  version "2.0.0"
  resolved "https://registry.yarnpkg.com/uniqs/-/uniqs-2.0.0.tgz#ffede4b36b25290696e6e165d4a59edb998e6b02"

wrappy@1:
  version "1.0.2"
  resolved "https://registry.yarnpkg.com/wrappy/-/wrappy-1.0.2.tgz#b5243d8f3ec1aa35f1364605bc0d1036e30ab69f"

write-file-stdout@0.0.2:
  version "0.0.2"
  resolved "https://registry.yarnpkg.com/write-file-stdout/-/write-file-stdout-0.0.2.tgz#c252d7c7c5b1b402897630e3453c7bfe690d9ca1"
